golang.org/x/crypto v0.0.0-20220829220503-c86fa9a7ed90 h1:Y/gsMcFOcR+6S6f3YeMKl5g+dZMEWqcz5Czj/GWYbkM=
golang.org/x/crypto v0.0.0-20220829220503-c86fa9a7ed90/go.mod h1:IxCIyHEi3zRg3s0A5j5BB6A9Jmi73HwBIUl50j+osU4=
gopkg.in/ini.v1 v1.67.0 h1:Dgnx+6+nfE+IfzjUEISNeydPJh9AXNNsWbGP9KzCsOA=
gopkg.in/ini.v1 v1.67.0/go.mod h1:pNLf8WUiyNEtQjuu5G5vTm06TEv9tsIgeAvK8hOrP4k=
